
Microsoft Visual Studio Solution File, Format Version 12.00
# Visual Studio Version 17
VisualStudioVersion = 17.5.002.0
MinimumVisualStudioVersion = 10.0.40219.1
Project("{9A19103F-16F7-4668-BE54-9A1E7A4F7556}") = "teamtrack-api", "teamtrack-api\teamtrack-api.csproj", "{DD5A4B41-D150-4B52-A8EC-D86FEB6DA7FC}"
EndProject
Global
	GlobalSection(SolutionConfigurationPlatforms) = preSolution
		Debug|Any CPU = Debug|Any CPU
		Release|Any CPU = Release|Any CPU
	EndGlobalSection
	GlobalSection(ProjectConfigurationPlatforms) = postSolution
		{DD5A4B41-D150-4B52-A8EC-D86FEB6DA7FC}.Debug|Any CPU.ActiveCfg = Debug|Any CPU
		{DD5A4B41-D150-4B52-A8EC-D86FEB6DA7FC}.Debug|Any CPU.Build.0 = Debug|Any CPU
		{DD5A4B41-D150-4B52-A8EC-D86FEB6DA7FC}.Release|Any CPU.ActiveCfg = Release|Any CPU
		{DD5A4B41-D150-4B52-A8EC-D86FEB6DA7FC}.Release|Any CPU.Build.0 = Release|Any CPU
	EndGlobalSection
	GlobalSection(SolutionProperties) = preSolution
		HideSolutionNode = FALSE
	EndGlobalSection
	GlobalSection(ExtensibilityGlobals) = postSolution
		SolutionGuid = {B43B9044-DB06-4F85-977E-9DB9C4F6D1C3}
	EndGlobalSection
EndGlobal
